// !$*UTF8*$!
{
	archiveVersion = 1;
	classes = {
	};
	objectVersion = 55;
	objects = {

/* Begin PBXBuildFile section */
		6D52586428E68B750069BA0E /* CharactersAPIStruct.swift in Sources */ = {isa = PBXBuildFile; fileRef = 6D52586328E68B750069BA0E /* CharactersAPIStruct.swift */; };
		6D52586628E68CCA0069BA0E /* ComicsAPIStruct.swift in Sources */ = {isa = PBXBuildFile; fileRef = 6D52586528E68CCA0069BA0E /* ComicsAPIStruct.swift */; };
		6D52586928E75C4C0069BA0E /* Extentions.swift in Sources */ = {isa = PBXBuildFile; fileRef = 6D52586828E75C4C0069BA0E /* Extentions.swift */; };
		6DA0FC9D28E4965B000E743B /* CharactersTableViewCell.swift in Sources */ = {isa = PBXBuildFile; fileRef = 6DA0FC9C28E4965B000E743B /* CharactersTableViewCell.swift */; };
		6DA0FC9F28E49674000E743B /* ComicsTableViewCell.swift in Sources */ = {isa = PBXBuildFile; fileRef = 6DA0FC9E28E49674000E743B /* ComicsTableViewCell.swift */; };
		6DA0FCA128E49748000E743B /* DetailedViewController.swift in Sources */ = {isa = PBXBuildFile; fileRef = 6DA0FCA028E49748000E743B /* DetailedViewController.swift */; };
		6DB20E1C28E3F6EF00B4434F /* AppDelegate.swift in Sources */ = {isa = PBXBuildFile; fileRef = 6DB20E1B28E3F6EF00B4434F /* AppDelegate.swift */; };
		6DB20E1E28E3F6EF00B4434F /* SceneDelegate.swift in Sources */ = {isa = PBXBuildFile; fileRef = 6DB20E1D28E3F6EF00B4434F /* SceneDelegate.swift */; };
		6DB20E2028E3F6EF00B4434F /* ViewController.swift in Sources */ = {isa = PBXBuildFile; fileRef = 6DB20E1F28E3F6EF00B4434F /* ViewController.swift */; };
		6DB20E2328E3F6EF00B4434F /* Main.storyboard in Resources */ = {isa = PBXBuildFile; fileRef = 6DB20E2128E3F6EF00B4434F /* Main.storyboard */; };
		6DB20E2528E3F6F000B4434F /* Assets.xcassets in Resources */ = {isa = PBXBuildFile; fileRef = 6DB20E2428E3F6F000B4434F /* Assets.xcassets */; };
		6DB20E2828E3F6F000B4434F /* LaunchScreen.storyboard in Resources */ = {isa = PBXBuildFile; fileRef = 6DB20E2628E3F6F000B4434F /* LaunchScreen.storyboard */; };
/* End PBXBuildFile section */

/* Begin PBXFileReference section */
		6D52586328E68B750069BA0E /* CharactersAPIStruct.swift */ = {isa = PBXFileReference; lastKnownFileType = sourcecode.swift; path = CharactersAPIStruct.swift; sourceTree = "<group>"; };
		6D52586528E68CCA0069BA0E /* ComicsAPIStruct.swift */ = {isa = PBXFileReference; lastKnownFileType = sourcecode.swift; path = ComicsAPIStruct.swift; sourceTree = "<group>"; };
		6D52586828E75C4C0069BA0E /* Extentions.swift */ = {isa = PBXFileReference; lastKnownFileType = sourcecode.swift; path = Extentions.swift; sourceTree = "<group>"; };
		6DA0FC9C28E4965B000E743B /* CharactersTableViewCell.swift */ = {isa = PBXFileReference; lastKnownFileType = sourcecode.swift; path = CharactersTableViewCell.swift; sourceTree = "<group>"; };
		6DA0FC9E28E49674000E743B /* ComicsTableViewCell.swift */ = {isa = PBXFileReference; lastKnownFileType = sourcecode.swift; path = ComicsTableViewCell.swift; sourceTree = "<group>"; };
		6DA0FCA028E49748000E743B /* DetailedViewController.swift */ = {isa = PBXFileReference; lastKnownFileType = sourcecode.swift; path = DetailedViewController.swift; sourceTree = "<group>"; };
		6DB20E1828E3F6EF00B4434F /* Marvel App.app */ = {isa = PBXFileReference; explicitFileType = wrapper.application; includeInIndex = 0; path = "Marvel App.app"; sourceTree = BUILT_PRODUCTS_DIR; };
		6DB20E1B28E3F6EF00B4434F /* AppDelegate.swift */ = {isa = PBXFileReference; lastKnownFileType = sourcecode.swift; path = AppDelegate.swift; sourceTree = "<group>"; };
		6DB20E1D28E3F6EF00B4434F /* SceneDelegate.swift */ = {isa = PBXFileReference; lastKnownFileType = sourcecode.swift; path = SceneDelegate.swift; sourceTree = "<group>"; };
		6DB20E1F28E3F6EF00B4434F /* ViewController.swift */ = {isa = PBXFileReference; lastKnownFileType = sourcecode.swift; path = ViewController.swift; sourceTree = "<group>"; };
		6DB20E2228E3F6EF00B4434F /* Base */ = {isa = PBXFileReference; lastKnownFileType = file.storyboard; name = Base; path = Base.lproj/Main.storyboard; sourceTree = "<group>"; };
		6DB20E2428E3F6F000B4434F /* Assets.xcassets */ = {isa = PBXFileReference; lastKnownFileType = folder.assetcatalog; path = Assets.xcassets; sourceTree = "<group>"; };
		6DB20E2728E3F6F000B4434F /* Base */ = {isa = PBXFileReference; lastKnownFileType = file.storyboard; name = Base; path = Base.lproj/LaunchScreen.storyboard; sourceTree = "<group>"; };
		6DB20E2928E3F6F000B4434F /* Info.plist */ = {isa = PBXFileReference; lastKnownFileType = text.plist.xml; path = Info.plist; sourceTree = "<group>"; };
/* End PBXFileReference section */

/* Begin PBXFrameworksBuildPhase section */
		6DB20E1528E3F6EF00B4434F /* Frameworks */ = {
			isa = PBXFrameworksBuildPhase;
			buildActionMask = 2147483647;
			files = (
			);
			runOnlyForDeploymentPostprocessing = 0;
		};
/* End PBXFrameworksBuildPhase section */

/* Begin PBXGroup section */
		6D52586128E6185D0069BA0E /* Extra Files */ = {
			isa = PBXGroup;
			children = (
				6DB20E1D28E3F6EF00B4434F /* SceneDelegate.swift */,
				6D52586828E75C4C0069BA0E /* Extentions.swift */,
				6DB20E1B28E3F6EF00B4434F /* AppDelegate.swift */,
			);
			path = "Extra Files";
			sourceTree = "<group>";
		};
		6D52586228E618710069BA0E /* TableViewCells */ = {
			isa = PBXGroup;
			children = (
				6DA0FC9C28E4965B000E743B /* CharactersTableViewCell.swift */,
				6DA0FC9E28E49674000E743B /* ComicsTableViewCell.swift */,
			);
			path = TableViewCells;
			sourceTree = "<group>";
		};
		6D52586728E739780069BA0E /* API Structures */ = {
			isa = PBXGroup;
			children = (
				6D52586528E68CCA0069BA0E /* ComicsAPIStruct.swift */,
				6D52586328E68B750069BA0E /* CharactersAPIStruct.swift */,
			);
			path = "API Structures";
			sourceTree = "<group>";
		};
		6DB20E0F28E3F6EE00B4434F = {
			isa = PBXGroup;
			children = (
				6DB20E1A28E3F6EF00B4434F /* Marvel App */,
				6DB20E1928E3F6EF00B4434F /* Products */,
			);
			sourceTree = "<group>";
		};
		6DB20E1928E3F6EF00B4434F /* Products */ = {
			isa = PBXGroup;
			children = (
				6DB20E1828E3F6EF00B4434F /* Marvel App.app */,
			);
			name = Products;
			sourceTree = "<group>";
		};
		6DB20E1A28E3F6EF00B4434F /* Marvel App */ = {
			isa = PBXGroup;
			children = (
				6D52586728E739780069BA0E /* API Structures */,
				6D52586128E6185D0069BA0E /* Extra Files */,
				6D52586228E618710069BA0E /* TableViewCells */,
				6DB20E1F28E3F6EF00B4434F /* ViewController.swift */,
				6DA0FCA028E49748000E743B /* DetailedViewController.swift */,
				6DB20E2128E3F6EF00B4434F /* Main.storyboard */,
				6DB20E2628E3F6F000B4434F /* LaunchScreen.storyboard */,
				6DB20E2428E3F6F000B4434F /* Assets.xcassets */,
				6DB20E2928E3F6F000B4434F /* Info.plist */,
			);
			path = "Marvel App";
			sourceTree = "<group>";
		};
/* End PBXGroup section */

/* Begin PBXNativeTarget section */
		6DB20E1728E3F6EF00B4434F /* Marvel App */ = {
			isa = PBXNativeTarget;
			buildConfigurationList = 6DB20E2C28E3F6F000B4434F /* Build configuration list for PBXNativeTarget "Marvel App" */;
			buildPhases = (
				6DB20E1428E3F6EF00B4434F /* Sources */,
				6DB20E1528E3F6EF00B4434F /* Frameworks */,
				6DB20E1628E3F6EF00B4434F /* Resources */,
			);
			buildRules = (
			);
			dependencies = (
			);
			name = "Marvel App";
			productName = "Marvel App";
			productReference = 6DB20E1828E3F6EF00B4434F /* Marvel App.app */;
			productType = "com.apple.product-type.application";
		};
/* End PBXNativeTarget section */

/* Begin PBXProject section */
		6DB20E1028E3F6EE00B4434F /* Project object */ = {
			isa = PBXProject;
			attributes = {
				BuildIndependentTargetsInParallel = 1;
				LastSwiftUpdateCheck = 1340;
				LastUpgradeCheck = 1340;
				TargetAttributes = {
					6DB20E1728E3F6EF00B4434F = {
						CreatedOnToolsVersion = 13.4.1;
					};
				};
			};
			buildConfigurationList = 6DB20E1328E3F6EE00B4434F /* Build configuration list for PBXProject "Marvel App" */;
			compatibilityVersion = "Xcode 13.0";
			developmentRegion = en;
			hasScannedForEncodings = 0;
			knownRegions = (
				en,
				Base,
			);
			mainGroup = 6DB20E0F28E3F6EE00B4434F;
			productRefGroup = 6DB20E1928E3F6EF00B4434F /* Products */;
			projectDirPath = "";
			projectRoot = "";
			targets = (
				6DB20E1728E3F6EF00B4434F /* Marvel App */,
			);
		};
/* End PBXProject section */

/* Begin PBXResourcesBuildPhase section */
		6DB20E1628E3F6EF00B4434F /* Resources */ = {
			isa = PBXResourcesBuildPhase;
			buildActionMask = 2147483647;
			files = (
				6DB20E2828E3F6F000B4434F /* LaunchScreen.storyboard in Resources */,
				6DB20E2528E3F6F000B4434F /* Assets.xcassets in Resources */,
				6DB20E2328E3F6EF00B4434F /* Main.storyboard in Resources */,
			);
			runOnlyForDeploymentPostprocessing = 0;
		};
/* End PBXResourcesBuildPhase section */

/* Begin PBXSourcesBuildPhase section */
		6DB20E1428E3F6EF00B4434F /* Sources */ = {
			isa = PBXSourcesBuildPhase;
			buildActionMask = 2147483647;
			files = (
				6DB20E2028E3F6EF00B4434F /* ViewController.swift in Sources */,
				6D52586428E68B750069BA0E /* CharactersAPIStruct.swift in Sources */,
				6DB20E1C28E3F6EF00B4434F /* AppDelegate.swift in Sources */,
				6DB20E1E28E3F6EF00B4434F /* SceneDelegate.swift in Sources */,
				6DA0FC9F28E49674000E743B /* ComicsTableViewCell.swift in Sources */,
				6D52586628E68CCA0069BA0E /* ComicsAPIStruct.swift in Sources */,
				6DA0FC9D28E4965B000E743B /* CharactersTableViewCell.swift in Sources */,
				6DA0FCA128E49748000E743B /* DetailedViewController.swift in Sources */,
				6D52586928E75C4C0069BA0E /* Extentions.swift in Sources */,
			);
			runOnlyForDeploymentPostprocessing = 0;
		};
/* End PBXSourcesBuildPhase section */

/* Begin PBXVariantGroup section */
		6DB20E2128E3F6EF00B4434F /* Main.storyboard */ = {
			isa = PBXVariantGroup;
			children = (
				6DB20E2228E3F6EF00B4434F /* Base */,
			);
			name = Main.storyboard;
			sourceTree = "<group>";
		};
		6DB20E2628E3F6F000B4434F /* LaunchScreen.storyboard */ = {
			isa = PBXVariantGroup;
			children = (
				6DB20E2728E3F6F000B4434F /* Base */,
			);
			name = LaunchScreen.storyboard;
			sourceTree = "<group>";
		};
/* End PBXVariantGroup section */

/* Begin XCBuildConfiguration section */
		6DB20E2A28E3F6F000B4434F /* Debug */ = {
			isa = XCBuildConfiguration;
			buildSettings = {
				ALWAYS_SEARCH_USER_PATHS = NO;
				CLANG_ANALYZER_NONNULL = YES;
				CLANG_ANALYZER_NUMBER_OBJECT_CONVERSION = YES_AGGRESSIVE;
				CLANG_CXX_LANGUAGE_STANDARD = "gnu++17";
				CLANG_ENABLE_MODULES = YES;
				CLANG_ENABLE_OBJC_ARC = YES;
				CLANG_ENABLE_OBJC_WEAK = YES;
				CLANG_WARN_BLOCK_CAPTURE_AUTORELEASING = YES;
				CLANG_WARN_BOOL_CONVERSION = YES;
				CLANG_WARN_COMMA = YES;
				CLANG_WARN_CONSTANT_CONVERSION = YES;
				CLANG_WARN_DEPRECATED_OBJC_IMPLEMENTATIONS = YES;
				CLANG_WARN_DIRECT_OBJC_ISA_USAGE = YES_ERROR;
				CLANG_WARN_DOCUMENTATION_COMMENTS = YES;
				CLANG_WARN_EMPTY_BODY = YES;
				CLANG_WARN_ENUM_CONVERSION = YES;
				CLANG_WARN_INFINITE_RECURSION = YES;
				CLANG_WARN_INT_CONVERSION = YES;
				CLANG_WARN_NON_LITERAL_NULL_CONVERSION = YES;
				CLANG_WARN_OBJC_IMPLICIT_RETAIN_SELF = YES;
				CLANG_WARN_OBJC_LITERAL_CONVERSION = YES;
				CLANG_WARN_OBJC_ROOT_CLASS = YES_ERROR;
				CLANG_WARN_QUOTED_INCLUDE_IN_FRAMEWORK_HEADER = YES;
				CLANG_WARN_RANGE_LOOP_ANALYSIS = YES;
				CLANG_WARN_STRICT_PROTOTYPES = YES;
				CLANG_WARN_SUSPICIOUS_MOVE = YES;
				CLANG_WARN_UNGUARDED_AVAILABILITY = YES_AGGRESSIVE;
				CLANG_WARN_UNREACHABLE_CODE = YES;
				CLANG_WARN__DUPLICATE_METHOD_MATCH = YES;
				COPY_PHASE_STRIP = NO;
				DEBUG_INFORMATION_FORMAT = dwarf;
				ENABLE_STRICT_OBJC_MSGSEND = YES;
				ENABLE_TESTABILITY = YES;
				GCC_C_LANGUAGE_STANDARD = gnu11;
				GCC_DYNAMIC_NO_PIC = NO;
				GCC_NO_COMMON_BLOCKS = YES;
				GCC_OPTIMIZATION_LEVEL = 0;
				GCC_PREPROCESSOR_DEFINITIONS = (
					"DEBUG=1",
					"$(inherited)",
				);
				GCC_WARN_64_TO_32_BIT_CONVERSION = YES;
				GCC_WARN_ABOUT_RETURN_TYPE = YES_ERROR;
				GCC_WARN_UNDECLARED_SELECTOR = YES;
				GCC_WARN_UNINITIALIZED_AUTOS = YES_AGGRESSIVE;
				GCC_WARN_UNUSED_FUNCTION = YES;
				GCC_WARN_UNUSED_VARIABLE = YES;
				IPHONEOS_DEPLOYMENT_TARGET = 15.5;
				MTL_ENABLE_DEBUG_INFO = INCLUDE_SOURCE;
				MTL_FAST_MATH = YES;
				ONLY_ACTIVE_ARCH = YES;
				SDKROOT = iphoneos;
				SWIFT_ACTIVE_COMPILATION_CONDITIONS = DEBUG;
				SWIFT_OPTIMIZATION_LEVEL = "-Onone";
			};
			name = Debug;
		};
		6DB20E2B28E3F6F000B4434F /* Release */ = {
			isa = XCBuildConfiguration;
			buildSettings = {
				ALWAYS_SEARCH_USER_PATHS = NO;
				CLANG_ANALYZER_NONNULL = YES;
				CLANG_ANALYZER_NUMBER_OBJECT_CONVERSION = YES_AGGRESSIVE;
				CLANG_CXX_LANGUAGE_STANDARD = "gnu++17";
				CLANG_ENABLE_MODULES = YES;
				CLANG_ENABLE_OBJC_ARC = YES;
				CLANG_ENABLE_OBJC_WEAK = YES;
				CLANG_WARN_BLOCK_CAPTURE_AUTORELEASING = YES;
				CLANG_WARN_BOOL_CONVERSION = YES;
				CLANG_WARN_COMMA = YES;
				CLANG_WARN_CONSTANT_CONVERSION = YES;
				CLANG_WARN_DEPRECATED_OBJC_IMPLEMENTATIONS = YES;
				CLANG_WARN_DIRECT_OBJC_ISA_USAGE = YES_ERROR;
				CLANG_WARN_DOCUMENTATION_COMMENTS = YES;
				CLANG_WARN_EMPTY_BODY = YES;
				CLANG_WARN_ENUM_CONVERSION = YES;
				CLANG_WARN_INFINITE_RECURSION = YES;
				CLANG_WARN_INT_CONVERSION = YES;
				CLANG_WARN_NON_LITERAL_NULL_CONVERSION = YES;
				CLANG_WARN_OBJC_IMPLICIT_RETAIN_SELF = YES;
				CLANG_WARN_OBJC_LITERAL_CONVERSION = YES;
				CLANG_WARN_OBJC_ROOT_CLASS = YES_ERROR;
				CLANG_WARN_QUOTED_INCLUDE_IN_FRAMEWORK_HEADER = YES;
				CLANG_WARN_RANGE_LOOP_ANALYSIS = YES;
				CLANG_WARN_STRICT_PROTOTYPES = YES;
				CLANG_WARN_SUSPICIOUS_MOVE = YES;
				CLANG_WARN_UNGUARDED_AVAILABILITY = YES_AGGRESSIVE;
				CLANG_WARN_UNREACHABLE_CODE = YES;
				CLANG_WARN__DUPLICATE_METHOD_MATCH = YES;
				COPY_PHASE_STRIP = NO;
				DEBUG_INFORMATION_FORMAT = "dwarf-with-dsym";
				ENABLE_NS_ASSERTIONS = NO;
				ENABLE_STRICT_OBJC_MSGSEND = YES;
				GCC_C_LANGUAGE_STANDARD = gnu11;
				GCC_NO_COMMON_BLOCKS = YES;
				GCC_WARN_64_TO_32_BIT_CONVERSION = YES;
				GCC_WARN_ABOUT_RETURN_TYPE = YES_ERROR;
				GCC_WARN_UNDECLARED_SELECTOR = YES;
				GCC_WARN_UNINITIALIZED_AUTOS = YES_AGGRESSIVE;
				GCC_WARN_UNUSED_FUNCTION = YES;
				GCC_WARN_UNUSED_VARIABLE = YES;
				IPHONEOS_DEPLOYMENT_TARGET = 15.5;
				MTL_ENABLE_DEBUG_INFO = NO;
				MTL_FAST_MATH = YES;
				SDKROOT = iphoneos;
				SWIFT_COMPILATION_MODE = wholemodule;
				SWIFT_OPTIMIZATION_LEVEL = "-O";
				VALIDATE_PRODUCT = YES;
			};
			name = Release;
		};
		6DB20E2D28E3F6F000B4434F /* Debug */ = {
			isa = XCBuildConfiguration;
			buildSettings = {
				ASSETCATALOG_COMPILER_APPICON_NAME = AppIcon;
				ASSETCATALOG_COMPILER_GLOBAL_ACCENT_COLOR_NAME = AccentColor;
				CODE_SIGN_STYLE = Automatic;
				CURRENT_PROJECT_VERSION = 1;
				DEVELOPMENT_TEAM = U9Z3YX8BM2;
				GENERATE_INFOPLIST_FILE = YES;
				INFOPLIST_FILE = "Marvel App/Info.plist";
				INFOPLIST_KEY_UIApplicationSupportsIndirectInputEvents = YES;
				INFOPLIST_KEY_UILaunchStoryboardName = LaunchScreen;
				INFOPLIST_KEY_UIMainStoryboardFile = Main;
				INFOPLIST_KEY_UISupportedInterfaceOrientations_iPad = "UIInterfaceOrientationPortrait UIInterfaceOrientationPortraitUpsideDown UIInterfaceOrientationLandscapeLeft UIInterfaceOrientationLandscapeRight";
				INFOPLIST_KEY_UISupportedInterfaceOrientations_iPhone = "UIInterfaceOrientationPortrait UIInterfaceOrientationLandscapeLeft UIInterfaceOrientationLandscapeRight";
				LD_RUNPATH_SEARCH_PATHS = (
					"$(inherited)",
					"@executable_path/Frameworks",
				);
				MARKETING_VERSION = 1.0;
				PRODUCT_BUNDLE_IDENTIFIER = SAIDR.MarvelApp;
				PRODUCT_NAME = "$(TARGET_NAME)";
				SWIFT_EMIT_LOC_STRINGS = YES;
				SWIFT_VERSION = 5.0;
				TARGETED_DEVICE_FAMILY = "1,2";
			};
			name = Debug;
		};
		6DB20E2E28E3F6F000B4434F /* Release */ = {
			isa = XCBuildConfiguration;
			buildSettings = {
				ASSETCATALOG_COMPILER_APPICON_NAME = AppIcon;
				ASSETCATALOG_COMPILER_GLOBAL_ACCENT_COLOR_NAME = AccentColor;
				CODE_SIGN_STYLE = Automatic;
				CURRENT_PROJECT_VERSION = 1;
				DEVELOPMENT_TEAM = U9Z3YX8BM2;
				GENERATE_INFOPLIST_FILE = YES;
				INFOPLIST_FILE = "Marvel App/Info.plist";
				INFOPLIST_KEY_UIApplicationSupportsIndirectInputEvents = YES;
				INFOPLIST_KEY_UILaunchStoryboardName = LaunchScreen;
				INFOPLIST_KEY_UIMainStoryboardFile = Main;
				INFOPLIST_KEY_UISupportedInterfaceOrientations_iPad = "UIInterfaceOrientationPortrait UIInterfaceOrientationPortraitUpsideDown UIInterfaceOrientationLandscapeLeft UIInterfaceOrientationLandscapeRight";
				INFOPLIST_KEY_UISupportedInterfaceOrientations_iPhone = "UIInterfaceOrientationPortrait UIInterfaceOrientationLandscapeLeft UIInterfaceOrientationLandscapeRight";
				LD_RUNPATH_SEARCH_PATHS = (
					"$(inherited)",
					"@executable_path/Frameworks",
				);
				MARKETING_VERSION = 1.0;
				PRODUCT_BUNDLE_IDENTIFIER = SAIDR.MarvelApp;
				PRODUCT_NAME = "$(TARGET_NAME)";
				SWIFT_EMIT_LOC_STRINGS = YES;
				SWIFT_VERSION = 5.0;
				TARGETED_DEVICE_FAMILY = "1,2";
			};
			name = Release;
		};
/* End XCBuildConfiguration section */

/* Begin XCConfigurationList section */
		6DB20E1328E3F6EE00B4434F /* Build configuration list for PBXProject "Marvel App" */ = {
			isa = XCConfigurationList;
			buildConfigurations = (
				6DB20E2A28E3F6F000B4434F /* Debug */,
				6DB20E2B28E3F6F000B4434F /* Release */,
			);
			defaultConfigurationIsVisible = 0;
			defaultConfigurationName = Release;
		};
		6DB20E2C28E3F6F000B4434F /* Build configuration list for PBXNativeTarget "Marvel App" */ = {
			isa = XCConfigurationList;
			buildConfigurations = (
				6DB20E2D28E3F6F000B4434F /* Debug */,
				6DB20E2E28E3F6F000B4434F /* Release */,
			);
			defaultConfigurationIsVisible = 0;
			defaultConfigurationName = Release;
		};
/* End XCConfigurationList section */
	};
	rootObject = 6DB20E1028E3F6EE00B4434F /* Project object */;
}
